
Microsoft Visual Studio Solution File, Format Version 12.00
# Visual Studio Version 16
VisualStudioVersion = 16.0.30804.86
MinimumVisualStudioVersion = 10.0.40219.1
Project("{FAE04EC0-301F-11D3-BF4B-00C04F79EFBC}") = "Entities", "Entities\Entities.csproj", "{A27A5F6F-6E69-49EC-A6ED-A912B2033803}"
EndProject
Project("{FAE04EC0-301F-11D3-BF4B-00C04F79EFBC}") = "DataAccess", "DataAccess\DataAccess.csproj", "{9EACC0F9-C2C7-40B8-B5D3-AD015F112B17}"
EndProject
Project("{FAE04EC0-301F-11D3-BF4B-00C04F79EFBC}") = "Business", "Business\Business.csproj", "{561B34BE-B0DF-4386-A86C-E6C675AE1034}"
EndProject
Project("{FAE04EC0-301F-11D3-BF4B-00C04F79EFBC}") = "Console", "Console\Console.csproj", "{E1B5FA50-56C4-42EB-840C-0D86E6A98BB7}"
EndProject
Global
	GlobalSection(SolutionConfigurationPlatforms) = preSolution
		Debug|Any CPU = Debug|Any CPU
		Release|Any CPU = Release|Any CPU
	EndGlobalSection
	GlobalSection(ProjectConfigurationPlatforms) = postSolution
		{A27A5F6F-6E69-49EC-A6ED-A912B2033803}.Debug|Any CPU.ActiveCfg = Debug|Any CPU
		{A27A5F6F-6E69-49EC-A6ED-A912B2033803}.Debug|Any CPU.Build.0 = Debug|Any CPU
		{A27A5F6F-6E69-49EC-A6ED-A912B2033803}.Release|Any CPU.ActiveCfg = Release|Any CPU
		{A27A5F6F-6E69-49EC-A6ED-A912B2033803}.Release|Any CPU.Build.0 = Release|Any CPU
		{9EACC0F9-C2C7-40B8-B5D3-AD015F112B17}.Debug|Any CPU.ActiveCfg = Debug|Any CPU
		{9EACC0F9-C2C7-40B8-B5D3-AD015F112B17}.Debug|Any CPU.Build.0 = Debug|Any CPU
		{9EACC0F9-C2C7-40B8-B5D3-AD015F112B17}.Release|Any CPU.ActiveCfg = Release|Any CPU
		{9EACC0F9-C2C7-40B8-B5D3-AD015F112B17}.Release|Any CPU.Build.0 = Release|Any CPU
		{561B34BE-B0DF-4386-A86C-E6C675AE1034}.Debug|Any CPU.ActiveCfg = Debug|Any CPU
		{561B34BE-B0DF-4386-A86C-E6C675AE1034}.Debug|Any CPU.Build.0 = Debug|Any CPU
		{561B34BE-B0DF-4386-A86C-E6C675AE1034}.Release|Any CPU.ActiveCfg = Release|Any CPU
		{561B34BE-B0DF-4386-A86C-E6C675AE1034}.Release|Any CPU.Build.0 = Release|Any CPU
		{E1B5FA50-56C4-42EB-840C-0D86E6A98BB7}.Debug|Any CPU.ActiveCfg = Debug|Any CPU
		{E1B5FA50-56C4-42EB-840C-0D86E6A98BB7}.Debug|Any CPU.Build.0 = Debug|Any CPU
		{E1B5FA50-56C4-42EB-840C-0D86E6A98BB7}.Release|Any CPU.ActiveCfg = Release|Any CPU
		{E1B5FA50-56C4-42EB-840C-0D86E6A98BB7}.Release|Any CPU.Build.0 = Release|Any CPU
	EndGlobalSection
	GlobalSection(SolutionProperties) = preSolution
		HideSolutionNode = FALSE
	EndGlobalSection
	GlobalSection(ExtensibilityGlobals) = postSolution
		SolutionGuid = {E9983A0F-2940-474D-A57D-EA7E65B5F29D}
	EndGlobalSection
EndGlobal
